
Microsoft Visual Studio Solution File, Format Version 12.00
# Visual Studio Version 16
VisualStudioVersion = 16.0.32002.261
MinimumVisualStudioVersion = 10.0.40219.1
Project("{FAE04EC0-301F-11D3-BF4B-00C04F79EFBC}") = "HealthCheck", "HealthCheck\HealthCheck.csproj", "{AA33169F-BD7B-487F-99F6-EB9F19D82B0B}"
EndProject
Global
	GlobalSection(SolutionConfigurationPlatforms) = preSolution
		Debug|Any CPU = Debug|Any CPU
		Release|Any CPU = Release|Any CPU
	EndGlobalSection
	GlobalSection(ProjectConfigurationPlatforms) = postSolution
		{AA33169F-BD7B-487F-99F6-EB9F19D82B0B}.Debug|Any CPU.ActiveCfg = Debug|Any CPU
		{AA33169F-BD7B-487F-99F6-EB9F19D82B0B}.Debug|Any CPU.Build.0 = Debug|Any CPU
		{AA33169F-BD7B-487F-99F6-EB9F19D82B0B}.Release|Any CPU.ActiveCfg = Release|Any CPU
		{AA33169F-BD7B-487F-99F6-EB9F19D82B0B}.Release|Any CPU.Build.0 = Release|Any CPU
	EndGlobalSection
	GlobalSection(SolutionProperties) = preSolution
		HideSolutionNode = FALSE
	EndGlobalSection
	GlobalSection(ExtensibilityGlobals) = postSolution
		SolutionGuid = {16D56029-4A4D-476A-A568-CFBB62948CAA}
	EndGlobalSection
EndGlobal
